github.com/alrusov/misc v0.0.0-20191025113228-ee383e79b872 h1:hOK1J0kUlJKuxoiewI+c/3V5AgvvN7QM4Ty92VInXY4=
github.com/alrusov/misc v0.0.0-20191025113228-ee383e79b872/go.mod h1:wBrqa+OxoWBI2Z5NLKQ6eDL+Rw6MNK03Eb9LpeZXhvc=
github.com/alrusov/panic v0.0.0-20191025113257-2f0cf278a883 h1:cAAs5DEHjotRBMw04Fxq466p8nGoSeysbuapMRIl9dM=
github.com/alrusov/panic v0.0.0-20191025113257-2f0cf278a883/go.mod h1:00VNhoAc1rvVCPZ/Jn/adFHDjf+vl5R0CfPZkdLEl3k=
