github.com/alrusov/misc v1.1.6 h1:BsU7CwVTsIUjtZ/aw0GADhDXLJ6q8U1WMVyRtjsuuDQ=
github.com/alrusov/misc v1.1.6/go.mod h1:vywA6CgYL87p+qxLP+FDuSRrNL6ZvJ0r+uDixw9rcmk=
github.com/alrusov/panic v0.1.15 h1:b2IoZJySWdGUX+wXOXOF1dcxUXTYWeoRCt7x/ePZDwg=
github.com/alrusov/panic v0.1.15/go.mod h1:YZ1wgCCIzqaPOnD5w2zJkpecV0DEfsClSgOVOEABKhY=
