github.com/alrusov/misc v1.1.5 h1:h1GoYhKGV5acWK7uxXEwi2lGD3wK6MYIIi8ffSBAQJs=
github.com/alrusov/misc v1.1.5/go.mod h1:vywA6CgYL87p+qxLP+FDuSRrNL6ZvJ0r+uDixw9rcmk=
github.com/alrusov/panic v0.1.15 h1:b2IoZJySWdGUX+wXOXOF1dcxUXTYWeoRCt7x/ePZDwg=
github.com/alrusov/panic v0.1.15/go.mod h1:YZ1wgCCIzqaPOnD5w2zJkpecV0DEfsClSgOVOEABKhY=
